// !$*UTF8*$!
{
	archiveVersion = 1;
	classes = {
	};
	objectVersion = 46;
	objects = {

/* Begin PBXBuildFile section */
		FCA1500A367563817AADF1A3 /* LaunchScreen.storyboard in Resources */ = {isa = PBXBuildFile; fileRef = FCA15DF94D3E35BF4E728C64 /* LaunchScreen.storyboard */; };
		FCA1549AE363C77DF9AB70FF /* CustomTableViewCell.swift in Sources */ = {isa = PBXBuildFile; fileRef = FCA155FECA122CA42C4CA1A8 /* CustomTableViewCell.swift */; };
		FCA157BBEFD4950969ADB186 /* Assets.xcassets in Resources */ = {isa = PBXBuildFile; fileRef = FCA15CAC395C3F4182176C3A /* Assets.xcassets */; };
		FCA15941F67A57FB81060004 /* Main.storyboard in Resources */ = {isa = PBXBuildFile; fileRef = FCA15E8814C75E2506AC4F67 /* Main.storyboard */; };
		FCA15B58C971DC494BB1C3FC /* AppDelegate.swift in Sources */ = {isa = PBXBuildFile; fileRef = FCA157B591626B996602D6C8 /* AppDelegate.swift */; };
		FCA15D1D5919EE80FD136A72 /* ViewController.swift in Sources */ = {isa = PBXBuildFile; fileRef = FCA1530AD2F235847F1E988A /* ViewController.swift */; };
/* End PBXBuildFile section */

/* Begin PBXFileReference section */
		FCA1530AD2F235847F1E988A /* ViewController.swift */ = {isa = PBXFileReference; lastKnownFileType = sourcecode.swift; path = ViewController.swift; sourceTree = "<group>"; };
		FCA155FECA122CA42C4CA1A8 /* CustomTableViewCell.swift */ = {isa = PBXFileReference; fileEncoding = 4; lastKnownFileType = sourcecode.swift; path = CustomTableViewCell.swift; sourceTree = "<group>"; };
		FCA1573725A8876BDF600FC7 /* Base */ = {isa = PBXFileReference; lastKnownFileType = file.storyboard; name = Base; path = Base.lproj/Main.storyboard; sourceTree = "<group>"; };
		FCA157B591626B996602D6C8 /* AppDelegate.swift */ = {isa = PBXFileReference; lastKnownFileType = sourcecode.swift; path = AppDelegate.swift; sourceTree = "<group>"; };
		FCA159197388AE740BA0B600 /* Base */ = {isa = PBXFileReference; lastKnownFileType = file.storyboard; name = Base; path = Base.lproj/LaunchScreen.storyboard; sourceTree = "<group>"; };
		FCA159455FD5AFFD8F9C840E /* Info.plist */ = {isa = PBXFileReference; lastKnownFileType = text.plist.info; path = Info.plist; sourceTree = "<group>"; };
		FCA15CAC395C3F4182176C3A /* Assets.xcassets */ = {isa = PBXFileReference; lastKnownFileType = folder.assetcatalog; path = Assets.xcassets; sourceTree = "<group>"; };
		FCA15DA349BA81B0F80772D1 /* AnimateTableView_Leon.app */ = {isa = PBXFileReference; explicitFileType = wrapper.application; includeInIndex = 0; path = AnimateTableView_Leon.app; sourceTree = BUILT_PRODUCTS_DIR; };
/* End PBXFileReference section */

/* Begin PBXFrameworksBuildPhase section */
		FCA150F47DA77EB629784B9A /* Frameworks */ = {
			isa = PBXFrameworksBuildPhase;
			buildActionMask = 2147483647;
			files = (
			);
			runOnlyForDeploymentPostprocessing = 0;
		};
/* End PBXFrameworksBuildPhase section */

/* Begin PBXGroup section */
		FCA15524F523A99048E0E26F /* Products */ = {
			isa = PBXGroup;
			children = (
				FCA15DA349BA81B0F80772D1 /* AnimateTableView_Leon.app */,
			);
			name = Products;
			sourceTree = "<group>";
		};
		FCA15738094965E8B3952E1E /* AnimateTableView_Leon */ = {
			isa = PBXGroup;
			children = (
				FCA159455FD5AFFD8F9C840E /* Info.plist */,
				FCA15CAC395C3F4182176C3A /* Assets.xcassets */,
				FCA15DF94D3E35BF4E728C64 /* LaunchScreen.storyboard */,
				FCA157B591626B996602D6C8 /* AppDelegate.swift */,
				FCA15E8814C75E2506AC4F67 /* Main.storyboard */,
				FCA1530AD2F235847F1E988A /* ViewController.swift */,
				FCA155FECA122CA42C4CA1A8 /* CustomTableViewCell.swift */,
			);
			path = AnimateTableView_Leon;
			sourceTree = "<group>";
		};
		FCA1590CDB4F4C6ECAF4B4D3 = {
			isa = PBXGroup;
			children = (
				FCA15524F523A99048E0E26F /* Products */,
				FCA15738094965E8B3952E1E /* AnimateTableView_Leon */,
			);
			sourceTree = "<group>";
		};
/* End PBXGroup section */

/* Begin PBXNativeTarget section */
		FCA15C9A19CC844421705736 /* AnimateTableView_Leon */ = {
			isa = PBXNativeTarget;
			buildConfigurationList = FCA15236C157779354A37605 /* Build configuration list for PBXNativeTarget "AnimateTableView_Leon" */;
			buildPhases = (
				FCA15658117860C7FFCC3ADD /* Sources */,
				FCA150F47DA77EB629784B9A /* Frameworks */,
				FCA15308D7F14BCED1ADD3D5 /* Resources */,
			);
			buildRules = (
			);
			dependencies = (
			);
			name = AnimateTableView_Leon;
			productName = AnimateTableView_Leon;
			productReference = FCA15DA349BA81B0F80772D1 /* AnimateTableView_Leon.app */;
			productType = "com.apple.product-type.application";
		};
/* End PBXNativeTarget section */

/* Begin PBXProject section */
		FCA15C414C7996E8D99B68F5 /* Project object */ = {
			isa = PBXProject;
			attributes = {
				ORGANIZATIONNAME = clem;
				TargetAttributes = {
					FCA15C9A19CC844421705736 = {
						DevelopmentTeam = FCKB72E74L;
					};
				};
			};
			buildConfigurationList = FCA15DF665326D46F0DE46DC /* Build configuration list for PBXProject "AnimateTableView_Leon" */;
			compatibilityVersion = "Xcode 3.2";
			developmentRegion = English;
			hasScannedForEncodings = 0;
			knownRegions = (
				en,
			);
			mainGroup = FCA1590CDB4F4C6ECAF4B4D3;
			productRefGroup = FCA15524F523A99048E0E26F /* Products */;
			projectDirPath = "";
			projectRoot = "";
			targets = (
				FCA15C9A19CC844421705736 /* AnimateTableView_Leon */,
			);
		};
/* End PBXProject section */

/* Begin PBXResourcesBuildPhase section */
		FCA15308D7F14BCED1ADD3D5 /* Resources */ = {
			isa = PBXResourcesBuildPhase;
			buildActionMask = 2147483647;
			files = (
				FCA157BBEFD4950969ADB186 /* Assets.xcassets in Resources */,
				FCA1500A367563817AADF1A3 /* LaunchScreen.storyboard in Resources */,
				FCA15941F67A57FB81060004 /* Main.storyboard in Resources */,
			);
			runOnlyForDeploymentPostprocessing = 0;
		};
/* End PBXResourcesBuildPhase section */

/* Begin PBXSourcesBuildPhase section */
		FCA15658117860C7FFCC3ADD /* Sources */ = {
			isa = PBXSourcesBuildPhase;
			buildActionMask = 2147483647;
			files = (
				FCA15B58C971DC494BB1C3FC /* AppDelegate.swift in Sources */,
				FCA15D1D5919EE80FD136A72 /* ViewController.swift in Sources */,
				FCA1549AE363C77DF9AB70FF /* CustomTableViewCell.swift in Sources */,
			);
			runOnlyForDeploymentPostprocessing = 0;
		};
/* End PBXSourcesBuildPhase section */

/* Begin PBXVariantGroup section */
		FCA15DF94D3E35BF4E728C64 /* LaunchScreen.storyboard */ = {
			isa = PBXVariantGroup;
			children = (
				FCA159197388AE740BA0B600 /* Base */,
			);
			name = LaunchScreen.storyboard;
			sourceTree = "<group>";
		};
		FCA15E8814C75E2506AC4F67 /* Main.storyboard */ = {
			isa = PBXVariantGroup;
			children = (
				FCA1573725A8876BDF600FC7 /* Base */,
			);
			name = Main.storyboard;
			sourceTree = "<group>";
		};
/* End PBXVariantGroup section */

/* Begin XCBuildConfiguration section */
		FCA1548F62879F13B54E6171 /* Debug */ = {
			isa = XCBuildConfiguration;
			buildSettings = {
				ASSETCATALOG_COMPILER_APPICON_NAME = AppIcon;
				DEVELOPMENT_TEAM = FCKB72E74L;
				INFOPLIST_FILE = AnimateTableView_Leon/Info.plist;
				LD_RUNPATH_SEARCH_PATHS = "$(inherited) @executable_path/Frameworks";
				PRODUCT_BUNDLE_IDENTIFIER = "com.clem.www.AnimateTableView-Leon";
				PRODUCT_NAME = "$(TARGET_NAME)";
				SWIFT_VERSION = 3.1;
			};
			name = Debug;
		};
		FCA1575AFAD6443547DFBA30 /* Release */ = {
			isa = XCBuildConfiguration;
			buildSettings = {
				ASSETCATALOG_COMPILER_APPICON_NAME = AppIcon;
				DEVELOPMENT_TEAM = FCKB72E74L;
				INFOPLIST_FILE = AnimateTableView_Leon/Info.plist;
				LD_RUNPATH_SEARCH_PATHS = "$(inherited) @executable_path/Frameworks";
				PRODUCT_BUNDLE_IDENTIFIER = "com.clem.www.AnimateTableView-Leon";
				PRODUCT_NAME = "$(TARGET_NAME)";
				SWIFT_VERSION = 3.1;
			};
			name = Release;
		};
		FCA15E421C6C04E055F21B12 /* Debug */ = {
			isa = XCBuildConfiguration;
			buildSettings = {
				ALWAYS_SEARCH_USER_PATHS = NO;
				CLANG_ANALYZER_NONNULL = YES;
				CLANG_ANALYZER_NUMBER_OBJECT_CONVERSION = YES_AGGRESSIVE;
				CLANG_CXX_LANGUAGE_STANDARD = "gnu++0x";
				CLANG_CXX_LIBRARY = "libc++";
				CLANG_ENABLE_MODULES = YES;
				CLANG_ENABLE_OBJC_ARC = YES;
				CLANG_WARN_BOOL_CONVERSION = YES;
				CLANG_WARN_CONSTANT_CONVERSION = YES;
				CLANG_WARN_DIRECT_OBJC_ISA_USAGE = YES_ERROR;
				CLANG_WARN_DOCUMENTATION_COMMENTS = YES;
				CLANG_WARN_EMPTY_BODY = YES;
				CLANG_WARN_ENUM_CONVERSION = YES;
				CLANG_WARN_INFINITE_RECURSION = YES;
				CLANG_WARN_INT_CONVERSION = YES;
				CLANG_WARN_OBJC_ROOT_CLASS = YES_ERROR;
				CLANG_WARN_SUSPICIOUS_MOVE = YES;
				CLANG_WARN_UNREACHABLE_CODE = YES;
				CLANG_WARN__DUPLICATE_METHOD_MATCH = YES;
				"CODE_SIGN_IDENTITY[sdk=iphoneos*]" = "iPhone Developer";
				COPY_PHASE_STRIP = NO;
				DEBUG_INFORMATION_FORMAT = dwarf;
				ENABLE_STRICT_OBJC_MSGSEND = YES;
				ENABLE_TESTABILITY = YES;
				GCC_C_LANGUAGE_STANDARD = gnu99;
				GCC_DYNAMIC_NO_PIC = NO;
				GCC_NO_COMMON_BLOCKS = YES;
				GCC_OPTIMIZATION_LEVEL = 0;
				GCC_PREPROCESSOR_DEFINITIONS = (
					"DEBUG=1",
					"$(inherited)",
				);
				GCC_WARN_64_TO_32_BIT_CONVERSION = YES;
				GCC_WARN_ABOUT_RETURN_TYPE = YES_ERROR;
				GCC_WARN_UNDECLARED_SELECTOR = YES;
				GCC_WARN_UNINITIALIZED_AUTOS = YES_AGGRESSIVE;
				GCC_WARN_UNUSED_FUNCTION = YES;
				GCC_WARN_UNUSED_VARIABLE = YES;
				IPHONEOS_DEPLOYMENT_TARGET = 10.3;
				MTL_ENABLE_DEBUG_INFO = YES;
				ONLY_ACTIVE_ARCH = YES;
				SDKROOT = iphoneos;
				SWIFT_ACTIVE_COMPILATION_CONDITIONS = DEBUG;
				SWIFT_OPTIMIZATION_LEVEL = "-Onone";
				TARGETED_DEVICE_FAMILY = "1,2";
			};
			name = Debug;
		};
		FCA15EB2808F0125B555F41D /* Release */ = {
			isa = XCBuildConfiguration;
			buildSettings = {
				ALWAYS_SEARCH_USER_PATHS = NO;
				CLANG_ANALYZER_NONNULL = YES;
				CLANG_ANALYZER_NUMBER_OBJECT_CONVERSION = YES_AGGRESSIVE;
				CLANG_CXX_LANGUAGE_STANDARD = "gnu++0x";
				CLANG_CXX_LIBRARY = "libc++";
				CLANG_ENABLE_MODULES = YES;
				CLANG_ENABLE_OBJC_ARC = YES;
				CLANG_WARN_BOOL_CONVERSION = YES;
				CLANG_WARN_CONSTANT_CONVERSION = YES;
				CLANG_WARN_DIRECT_OBJC_ISA_USAGE = YES_ERROR;
				CLANG_WARN_DOCUMENTATION_COMMENTS = YES;
				CLANG_WARN_EMPTY_BODY = YES;
				CLANG_WARN_ENUM_CONVERSION = YES;
				CLANG_WARN_INFINITE_RECURSION = YES;
				CLANG_WARN_INT_CONVERSION = YES;
				CLANG_WARN_OBJC_ROOT_CLASS = YES_ERROR;
				CLANG_WARN_SUSPICIOUS_MOVE = YES;
				CLANG_WARN_UNREACHABLE_CODE = YES;
				CLANG_WARN__DUPLICATE_METHOD_MATCH = YES;
				"CODE_SIGN_IDENTITY[sdk=iphoneos*]" = "iPhone Developer";
				COPY_PHASE_STRIP = NO;
				DEBUG_INFORMATION_FORMAT = "dwarf-with-dsym";
				ENABLE_NS_ASSERTIONS = NO;
				ENABLE_STRICT_OBJC_MSGSEND = YES;
				GCC_C_LANGUAGE_STANDARD = gnu99;
				GCC_NO_COMMON_BLOCKS = YES;
				GCC_WARN_64_TO_32_BIT_CONVERSION = YES;
				GCC_WARN_ABOUT_RETURN_TYPE = YES_ERROR;
				GCC_WARN_UNDECLARED_SELECTOR = YES;
				GCC_WARN_UNINITIALIZED_AUTOS = YES_AGGRESSIVE;
				GCC_WARN_UNUSED_FUNCTION = YES;
				GCC_WARN_UNUSED_VARIABLE = YES;
				IPHONEOS_DEPLOYMENT_TARGET = 10.3;
				MTL_ENABLE_DEBUG_INFO = NO;
				SDKROOT = iphoneos;
				SWIFT_OPTIMIZATION_LEVEL = "-Owholemodule";
				TARGETED_DEVICE_FAMILY = "1,2";
				VALIDATE_PRODUCT = YES;
			};
			name = Release;
		};
/* End XCBuildConfiguration section */

/* Begin XCConfigurationList section */
		FCA15236C157779354A37605 /* Build configuration list for PBXNativeTarget "AnimateTableView_Leon" */ = {
			isa = XCConfigurationList;
			buildConfigurations = (
				FCA1548F62879F13B54E6171 /* Debug */,
				FCA1575AFAD6443547DFBA30 /* Release */,
			);
			defaultConfigurationIsVisible = 0;
			defaultConfigurationName = Release;
		};
		FCA15DF665326D46F0DE46DC /* Build configuration list for PBXProject "AnimateTableView_Leon" */ = {
			isa = XCConfigurationList;
			buildConfigurations = (
				FCA15E421C6C04E055F21B12 /* Debug */,
				FCA15EB2808F0125B555F41D /* Release */,
			);
			defaultConfigurationIsVisible = 0;
			defaultConfigurationName = Release;
		};
/* End XCConfigurationList section */
	};
	rootObject = FCA15C414C7996E8D99B68F5 /* Project object */;
}
